// !$*UTF8*$!
{
	archiveVersion = 1;
	classes = {
	};
	objectVersion = 50;
	objects = {

/* Begin PBXBuildFile section */
		33301D806228BC933E5EF4F2 /* libPods-libffiTest.a in Frameworks */ = {isa = PBXBuildFile; fileRef = 78C6BAEF8B8E50127CDDFBBF /* libPods-libffiTest.a */; };
		AA5D20702351671100C3B862 /* AppDelegate.m in Sources */ = {isa = PBXBuildFile; fileRef = AA5D206F2351671100C3B862 /* AppDelegate.m */; };
		AA5D20732351671100C3B862 /* SceneDelegate.m in Sources */ = {isa = PBXBuildFile; fileRef = AA5D20722351671100C3B862 /* SceneDelegate.m */; };
		AA5D20762351671100C3B862 /* ViewController.m in Sources */ = {isa = PBXBuildFile; fileRef = AA5D20752351671100C3B862 /* ViewController.m */; };
		AA5D20792351671100C3B862 /* Main.storyboard in Resources */ = {isa = PBXBuildFile; fileRef = AA5D20772351671100C3B862 /* Main.storyboard */; };
		AA5D207B2351671500C3B862 /* Assets.xcassets in Resources */ = {isa = PBXBuildFile; fileRef = AA5D207A2351671500C3B862 /* Assets.xcassets */; };
		AA5D207E2351671500C3B862 /* LaunchScreen.storyboard in Resources */ = {isa = PBXBuildFile; fileRef = AA5D207C2351671500C3B862 /* LaunchScreen.storyboard */; };
		AA5D20812351671500C3B862 /* main.m in Sources */ = {isa = PBXBuildFile; fileRef = AA5D20802351671500C3B862 /* main.m */; };
/* End PBXBuildFile section */

/* Begin PBXFileReference section */
		78C6BAEF8B8E50127CDDFBBF /* libPods-libffiTest.a */ = {isa = PBXFileReference; explicitFileType = archive.ar; includeInIndex = 0; path = "libPods-libffiTest.a"; sourceTree = BUILT_PRODUCTS_DIR; };
		7EA34EC9CB3D65C245F89864 /* Pods-libffiTest.debug.xcconfig */ = {isa = PBXFileReference; includeInIndex = 1; lastKnownFileType = text.xcconfig; name = "Pods-libffiTest.debug.xcconfig"; path = "Pods/Target Support Files/Pods-libffiTest/Pods-libffiTest.debug.xcconfig"; sourceTree = "<group>"; };
		AA5D206B2351671100C3B862 /* libffiTest.app */ = {isa = PBXFileReference; explicitFileType = wrapper.application; includeInIndex = 0; path = libffiTest.app; sourceTree = BUILT_PRODUCTS_DIR; };
		AA5D206E2351671100C3B862 /* AppDelegate.h */ = {isa = PBXFileReference; lastKnownFileType = sourcecode.c.h; path = AppDelegate.h; sourceTree = "<group>"; };
		AA5D206F2351671100C3B862 /* AppDelegate.m */ = {isa = PBXFileReference; lastKnownFileType = sourcecode.c.objc; path = AppDelegate.m; sourceTree = "<group>"; };
		AA5D20712351671100C3B862 /* SceneDelegate.h */ = {isa = PBXFileReference; lastKnownFileType = sourcecode.c.h; path = SceneDelegate.h; sourceTree = "<group>"; };
		AA5D20722351671100C3B862 /* SceneDelegate.m */ = {isa = PBXFileReference; lastKnownFileType = sourcecode.c.objc; path = SceneDelegate.m; sourceTree = "<group>"; };
		AA5D20742351671100C3B862 /* ViewController.h */ = {isa = PBXFileReference; lastKnownFileType = sourcecode.c.h; path = ViewController.h; sourceTree = "<group>"; };
		AA5D20752351671100C3B862 /* ViewController.m */ = {isa = PBXFileReference; lastKnownFileType = sourcecode.c.objc; path = ViewController.m; sourceTree = "<group>"; };
		AA5D20782351671100C3B862 /* Base */ = {isa = PBXFileReference; lastKnownFileType = file.storyboard; name = Base; path = Base.lproj/Main.storyboard; sourceTree = "<group>"; };
		AA5D207A2351671500C3B862 /* Assets.xcassets */ = {isa = PBXFileReference; lastKnownFileType = folder.assetcatalog; path = Assets.xcassets; sourceTree = "<group>"; };
		AA5D207D2351671500C3B862 /* Base */ = {isa = PBXFileReference; lastKnownFileType = file.storyboard; name = Base; path = Base.lproj/LaunchScreen.storyboard; sourceTree = "<group>"; };
		AA5D207F2351671500C3B862 /* Info.plist */ = {isa = PBXFileReference; lastKnownFileType = text.plist.xml; path = Info.plist; sourceTree = "<group>"; };
		AA5D20802351671500C3B862 /* main.m */ = {isa = PBXFileReference; lastKnownFileType = sourcecode.c.objc; path = main.m; sourceTree = "<group>"; };
		D80EF62841DF8EC4C3F38147 /* Pods-libffiTest.release.xcconfig */ = {isa = PBXFileReference; includeInIndex = 1; lastKnownFileType = text.xcconfig; name = "Pods-libffiTest.release.xcconfig"; path = "Pods/Target Support Files/Pods-libffiTest/Pods-libffiTest.release.xcconfig"; sourceTree = "<group>"; };
/* End PBXFileReference section */

/* Begin PBXFrameworksBuildPhase section */
		AA5D20682351671100C3B862 /* Frameworks */ = {
			isa = PBXFrameworksBuildPhase;
			buildActionMask = 2147483647;
			files = (
				33301D806228BC933E5EF4F2 /* libPods-libffiTest.a in Frameworks */,
			);
			runOnlyForDeploymentPostprocessing = 0;
		};
/* End PBXFrameworksBuildPhase section */

/* Begin PBXGroup section */
		7AAB0DBDBB32C8E4C238994B /* Pods */ = {
			isa = PBXGroup;
			children = (
				7EA34EC9CB3D65C245F89864 /* Pods-libffiTest.debug.xcconfig */,
				D80EF62841DF8EC4C3F38147 /* Pods-libffiTest.release.xcconfig */,
			);
			name = Pods;
			sourceTree = "<group>";
		};
		AA5D20622351671100C3B862 = {
			isa = PBXGroup;
			children = (
				AA5D206D2351671100C3B862 /* libffiTest */,
				AA5D206C2351671100C3B862 /* Products */,
				7AAB0DBDBB32C8E4C238994B /* Pods */,
				B3E9062C8F17B0C475F2A2A8 /* Frameworks */,
			);
			sourceTree = "<group>";
		};
		AA5D206C2351671100C3B862 /* Products */ = {
			isa = PBXGroup;
			children = (
				AA5D206B2351671100C3B862 /* libffiTest.app */,
			);
			name = Products;
			sourceTree = "<group>";
		};
		AA5D206D2351671100C3B862 /* libffiTest */ = {
			isa = PBXGroup;
			children = (
				AA5D206E2351671100C3B862 /* AppDelegate.h */,
				AA5D206F2351671100C3B862 /* AppDelegate.m */,
				AA5D20712351671100C3B862 /* SceneDelegate.h */,
				AA5D20722351671100C3B862 /* SceneDelegate.m */,
				AA5D20742351671100C3B862 /* ViewController.h */,
				AA5D20752351671100C3B862 /* ViewController.m */,
				AA5D20772351671100C3B862 /* Main.storyboard */,
				AA5D207A2351671500C3B862 /* Assets.xcassets */,
				AA5D207C2351671500C3B862 /* LaunchScreen.storyboard */,
				AA5D207F2351671500C3B862 /* Info.plist */,
				AA5D20802351671500C3B862 /* main.m */,
			);
			path = libffiTest;
			sourceTree = "<group>";
		};
		B3E9062C8F17B0C475F2A2A8 /* Frameworks */ = {
			isa = PBXGroup;
			children = (
				78C6BAEF8B8E50127CDDFBBF /* libPods-libffiTest.a */,
			);
			name = Frameworks;
			sourceTree = "<group>";
		};
/* End PBXGroup section */

/* Begin PBXNativeTarget section */
		AA5D206A2351671100C3B862 /* libffiTest */ = {
			isa = PBXNativeTarget;
			buildConfigurationList = AA5D20842351671500C3B862 /* Build configuration list for PBXNativeTarget "libffiTest" */;
			buildPhases = (
				4E9A32C4F6FB2AAEA7C81752 /* [CP] Check Pods Manifest.lock */,
				AA5D20672351671100C3B862 /* Sources */,
				AA5D20682351671100C3B862 /* Frameworks */,
				AA5D20692351671100C3B862 /* Resources */,
			);
			buildRules = (
			);
			dependencies = (
			);
			name = libffiTest;
			productName = libffiTest;
			productReference = AA5D206B2351671100C3B862 /* libffiTest.app */;
			productType = "com.apple.product-type.application";
		};
/* End PBXNativeTarget section */

/* Begin PBXProject section */
		AA5D20632351671100C3B862 /* Project object */ = {
			isa = PBXProject;
			attributes = {
				LastUpgradeCheck = 1100;
				ORGANIZATIONNAME = Gmingyue;
				TargetAttributes = {
					AA5D206A2351671100C3B862 = {
						CreatedOnToolsVersion = 11.0;
					};
				};
			};
			buildConfigurationList = AA5D20662351671100C3B862 /* Build configuration list for PBXProject "libffiTest" */;
			compatibilityVersion = "Xcode 9.3";
			developmentRegion = en;
			hasScannedForEncodings = 0;
			knownRegions = (
				en,
				Base,
			);
			mainGroup = AA5D20622351671100C3B862;
			productRefGroup = AA5D206C2351671100C3B862 /* Products */;
			projectDirPath = "";
			projectRoot = "";
			targets = (
				AA5D206A2351671100C3B862 /* libffiTest */,
			);
		};
/* End PBXProject section */

/* Begin PBXResourcesBuildPhase section */
		AA5D20692351671100C3B862 /* Resources */ = {
			isa = PBXResourcesBuildPhase;
			buildActionMask = 2147483647;
			files = (
				AA5D207E2351671500C3B862 /* LaunchScreen.storyboard in Resources */,
				AA5D207B2351671500C3B862 /* Assets.xcassets in Resources */,
				AA5D20792351671100C3B862 /* Main.storyboard in Resources */,
			);
			runOnlyForDeploymentPostprocessing = 0;
		};
/* End PBXResourcesBuildPhase section */

/* Begin PBXShellScriptBuildPhase section */
		4E9A32C4F6FB2AAEA7C81752 /* [CP] Check Pods Manifest.lock */ = {
			isa = PBXShellScriptBuildPhase;
			buildActionMask = 2147483647;
			files = (
			);
			inputFileListPaths = (
			);
			inputPaths = (
				"${PODS_PODFILE_DIR_PATH}/Podfile.lock",
				"${PODS_ROOT}/Manifest.lock",
			);
			name = "[CP] Check Pods Manifest.lock";
			outputFileListPaths = (
			);
			outputPaths = (
				"$(DERIVED_FILE_DIR)/Pods-libffiTest-checkManifestLockResult.txt",
			);
			runOnlyForDeploymentPostprocessing = 0;
			shellPath = /bin/sh;
			shellScript = "diff \"${PODS_PODFILE_DIR_PATH}/Podfile.lock\" \"${PODS_ROOT}/Manifest.lock\" > /dev/null\nif [ $? != 0 ] ; then\n    # print error to STDERR\n    echo \"error: The sandbox is not in sync with the Podfile.lock. Run 'pod install' or update your CocoaPods installation.\" >&2\n    exit 1\nfi\n# This output is used by Xcode 'outputs' to avoid re-running this script phase.\necho \"SUCCESS\" > \"${SCRIPT_OUTPUT_FILE_0}\"\n";
			showEnvVarsInLog = 0;
		};
/* End PBXShellScriptBuildPhase section */

/* Begin PBXSourcesBuildPhase section */
		AA5D20672351671100C3B862 /* Sources */ = {
			isa = PBXSourcesBuildPhase;
			buildActionMask = 2147483647;
			files = (
				AA5D20762351671100C3B862 /* ViewController.m in Sources */,
				AA5D20702351671100C3B862 /* AppDelegate.m in Sources */,
				AA5D20812351671500C3B862 /* main.m in Sources */,
				AA5D20732351671100C3B862 /* SceneDelegate.m in Sources */,
			);
			runOnlyForDeploymentPostprocessing = 0;
		};
/* End PBXSourcesBuildPhase section */

/* Begin PBXVariantGroup section */
		AA5D20772351671100C3B862 /* Main.storyboard */ = {
			isa = PBXVariantGroup;
			children = (
				AA5D20782351671100C3B862 /* Base */,
			);
			name = Main.storyboard;
			sourceTree = "<group>";
		};
		AA5D207C2351671500C3B862 /* LaunchScreen.storyboard */ = {
			isa = PBXVariantGroup;
			children = (
				AA5D207D2351671500C3B862 /* Base */,
			);
			name = LaunchScreen.storyboard;
			sourceTree = "<group>";
		};
/* End PBXVariantGroup section */

/* Begin XCBuildConfiguration section */
		AA5D20822351671500C3B862 /* Debug */ = {
			isa = XCBuildConfiguration;
			buildSettings = {
				ALWAYS_SEARCH_USER_PATHS = NO;
				CLANG_ANALYZER_NONNULL = YES;
				CLANG_ANALYZER_NUMBER_OBJECT_CONVERSION = YES_AGGRESSIVE;
				CLANG_CXX_LANGUAGE_STANDARD = "gnu++14";
				CLANG_CXX_LIBRARY = "libc++";
				CLANG_ENABLE_MODULES = YES;
				CLANG_ENABLE_OBJC_ARC = YES;
				CLANG_ENABLE_OBJC_WEAK = YES;
				CLANG_WARN_BLOCK_CAPTURE_AUTORELEASING = YES;
				CLANG_WARN_BOOL_CONVERSION = YES;
				CLANG_WARN_COMMA = YES;
				CLANG_WARN_CONSTANT_CONVERSION = YES;
				CLANG_WARN_DEPRECATED_OBJC_IMPLEMENTATIONS = YES;
				CLANG_WARN_DIRECT_OBJC_ISA_USAGE = YES_ERROR;
				CLANG_WARN_DOCUMENTATION_COMMENTS = YES;
				CLANG_WARN_EMPTY_BODY = YES;
				CLANG_WARN_ENUM_CONVERSION = YES;
				CLANG_WARN_INFINITE_RECURSION = YES;
				CLANG_WARN_INT_CONVERSION = YES;
				CLANG_WARN_NON_LITERAL_NULL_CONVERSION = YES;
				CLANG_WARN_OBJC_IMPLICIT_RETAIN_SELF = YES;
				CLANG_WARN_OBJC_LITERAL_CONVERSION = YES;
				CLANG_WARN_OBJC_ROOT_CLASS = YES_ERROR;
				CLANG_WARN_RANGE_LOOP_ANALYSIS = YES;
				CLANG_WARN_STRICT_PROTOTYPES = YES;
				CLANG_WARN_SUSPICIOUS_MOVE = YES;
				CLANG_WARN_UNGUARDED_AVAILABILITY = YES_AGGRESSIVE;
				CLANG_WARN_UNREACHABLE_CODE = YES;
				CLANG_WARN__DUPLICATE_METHOD_MATCH = YES;
				COPY_PHASE_STRIP = NO;
				DEBUG_INFORMATION_FORMAT = dwarf;
				ENABLE_STRICT_OBJC_MSGSEND = YES;
				ENABLE_TESTABILITY = YES;
				GCC_C_LANGUAGE_STANDARD = gnu11;
				GCC_DYNAMIC_NO_PIC = NO;
				GCC_NO_COMMON_BLOCKS = YES;
				GCC_OPTIMIZATION_LEVEL = 0;
				GCC_PREPROCESSOR_DEFINITIONS = (
					"DEBUG=1",
					"$(inherited)",
				);
				GCC_WARN_64_TO_32_BIT_CONVERSION = YES;
				GCC_WARN_ABOUT_RETURN_TYPE = YES_ERROR;
				GCC_WARN_UNDECLARED_SELECTOR = YES;
				GCC_WARN_UNINITIALIZED_AUTOS = YES_AGGRESSIVE;
				GCC_WARN_UNUSED_FUNCTION = YES;
				GCC_WARN_UNUSED_VARIABLE = YES;
				IPHONEOS_DEPLOYMENT_TARGET = 13.0;
				MTL_ENABLE_DEBUG_INFO = INCLUDE_SOURCE;
				MTL_FAST_MATH = YES;
				ONLY_ACTIVE_ARCH = YES;
				SDKROOT = iphoneos;
			};
			name = Debug;
		};
		AA5D20832351671500C3B862 /* Release */ = {
			isa = XCBuildConfiguration;
			buildSettings = {
				ALWAYS_SEARCH_USER_PATHS = NO;
				CLANG_ANALYZER_NONNULL = YES;
				CLANG_ANALYZER_NUMBER_OBJECT_CONVERSION = YES_AGGRESSIVE;
				CLANG_CXX_LANGUAGE_STANDARD = "gnu++14";
				CLANG_CXX_LIBRARY = "libc++";
				CLANG_ENABLE_MODULES = YES;
				CLANG_ENABLE_OBJC_ARC = YES;
				CLANG_ENABLE_OBJC_WEAK = YES;
				CLANG_WARN_BLOCK_CAPTURE_AUTORELEASING = YES;
				CLANG_WARN_BOOL_CONVERSION = YES;
				CLANG_WARN_COMMA = YES;
				CLANG_WARN_CONSTANT_CONVERSION = YES;
				CLANG_WARN_DEPRECATED_OBJC_IMPLEMENTATIONS = YES;
				CLANG_WARN_DIRECT_OBJC_ISA_USAGE = YES_ERROR;
				CLANG_WARN_DOCUMENTATION_COMMENTS = YES;
				CLANG_WARN_EMPTY_BODY = YES;
				CLANG_WARN_ENUM_CONVERSION = YES;
				CLANG_WARN_INFINITE_RECURSION = YES;
				CLANG_WARN_INT_CONVERSION = YES;
				CLANG_WARN_NON_LITERAL_NULL_CONVERSION = YES;
				CLANG_WARN_OBJC_IMPLICIT_RETAIN_SELF = YES;
				CLANG_WARN_OBJC_LITERAL_CONVERSION = YES;
				CLANG_WARN_OBJC_ROOT_CLASS = YES_ERROR;
				CLANG_WARN_RANGE_LOOP_ANALYSIS = YES;
				CLANG_WARN_STRICT_PROTOTYPES = YES;
				CLANG_WARN_SUSPICIOUS_MOVE = YES;
				CLANG_WARN_UNGUARDED_AVAILABILITY = YES_AGGRESSIVE;
				CLANG_WARN_UNREACHABLE_CODE = YES;
				CLANG_WARN__DUPLICATE_METHOD_MATCH = YES;
				COPY_PHASE_STRIP = NO;
				DEBUG_INFORMATION_FORMAT = "dwarf-with-dsym";
				ENABLE_NS_ASSERTIONS = NO;
				ENABLE_STRICT_OBJC_MSGSEND = YES;
				GCC_C_LANGUAGE_STANDARD = gnu11;
				GCC_NO_COMMON_BLOCKS = YES;
				GCC_WARN_64_TO_32_BIT_CONVERSION = YES;
				GCC_WARN_ABOUT_RETURN_TYPE = YES_ERROR;
				GCC_WARN_UNDECLARED_SELECTOR = YES;
				GCC_WARN_UNINITIALIZED_AUTOS = YES_AGGRESSIVE;
				GCC_WARN_UNUSED_FUNCTION = YES;
				GCC_WARN_UNUSED_VARIABLE = YES;
				IPHONEOS_DEPLOYMENT_TARGET = 13.0;
				MTL_ENABLE_DEBUG_INFO = NO;
				MTL_FAST_MATH = YES;
				SDKROOT = iphoneos;
				VALIDATE_PRODUCT = YES;
			};
			name = Release;
		};
		AA5D20852351671500C3B862 /* Debug */ = {
			isa = XCBuildConfiguration;
			baseConfigurationReference = 7EA34EC9CB3D65C245F89864 /* Pods-libffiTest.debug.xcconfig */;
			buildSettings = {
				ASSETCATALOG_COMPILER_APPICON_NAME = AppIcon;
				CODE_SIGN_STYLE = Automatic;
				INFOPLIST_FILE = libffiTest/Info.plist;
				LD_RUNPATH_SEARCH_PATHS = (
					"$(inherited)",
					"@executable_path/Frameworks",
				);
				LIBRARY_SEARCH_PATHS = (
					"$(inherited)",
					"$(PROJECT_DIR)/libffiTest/libffi",
				);
				PRODUCT_BUNDLE_IDENTIFIER = com.mingyuefly.com.libffiTest;
				PRODUCT_NAME = "$(TARGET_NAME)";
				TARGETED_DEVICE_FAMILY = "1,2";
			};
			name = Debug;
		};
		AA5D20862351671500C3B862 /* Release */ = {
			isa = XCBuildConfiguration;
			baseConfigurationReference = D80EF62841DF8EC4C3F38147 /* Pods-libffiTest.release.xcconfig */;
			buildSettings = {
				ASSETCATALOG_COMPILER_APPICON_NAME = AppIcon;
				CODE_SIGN_STYLE = Automatic;
				INFOPLIST_FILE = libffiTest/Info.plist;
				LD_RUNPATH_SEARCH_PATHS = (
					"$(inherited)",
					"@executable_path/Frameworks",
				);
				LIBRARY_SEARCH_PATHS = (
					"$(inherited)",
					"$(PROJECT_DIR)/libffiTest/libffi",
				);
				PRODUCT_BUNDLE_IDENTIFIER = com.mingyuefly.com.libffiTest;
				PRODUCT_NAME = "$(TARGET_NAME)";
				TARGETED_DEVICE_FAMILY = "1,2";
			};
			name = Release;
		};
/* End XCBuildConfiguration section */

/* Begin XCConfigurationList section */
		AA5D20662351671100C3B862 /* Build configuration list for PBXProject "libffiTest" */ = {
			isa = XCConfigurationList;
			buildConfigurations = (
				AA5D20822351671500C3B862 /* Debug */,
				AA5D20832351671500C3B862 /* Release */,
			);
			defaultConfigurationIsVisible = 0;
			defaultConfigurationName = Release;
		};
		AA5D20842351671500C3B862 /* Build configuration list for PBXNativeTarget "libffiTest" */ = {
			isa = XCConfigurationList;
			buildConfigurations = (
				AA5D20852351671500C3B862 /* Debug */,
				AA5D20862351671500C3B862 /* Release */,
			);
			defaultConfigurationIsVisible = 0;
			defaultConfigurationName = Release;
		};
/* End XCConfigurationList section */
	};
	rootObject = AA5D20632351671100C3B862 /* Project object */;
}
